// !$*UTF8*$!
{
	archiveVersion = 1;
	classes = {
	};
	objectVersion = 55;
	objects = {

/* Begin PBXBuildFile section */
		DC0D9832286C97D400DD3B3E /* RatesDataOK.json in Resources */ = {isa = PBXBuildFile; fileRef = DC0D9831286C97D400DD3B3E /* RatesDataOK.json */; };
		DC0D9836286C9A7400DD3B3E /* FakeResponseData.swift in Sources */ = {isa = PBXBuildFile; fileRef = DC0D9835286C9A7400DD3B3E /* FakeResponseData.swift */; };
		DC0D983C286F992800DD3B3E /* APIRequestLoader.swift in Sources */ = {isa = PBXBuildFile; fileRef = DC0D983B286F992800DD3B3E /* APIRequestLoader.swift */; };
		DC0D983E286F9AD200DD3B3E /* MockURLProtocol.swift in Sources */ = {isa = PBXBuildFile; fileRef = DC0D983D286F9AD200DD3B3E /* MockURLProtocol.swift */; };
		DC0D98402871622800DD3B3E /* ConverterTestCase.swift in Sources */ = {isa = PBXBuildFile; fileRef = DC0D983F2871622800DD3B3E /* ConverterTestCase.swift */; };
		DC0D98422871BAA800DD3B3E /* RatesDataMissingField.json in Resources */ = {isa = PBXBuildFile; fileRef = DC0D98412871BAA800DD3B3E /* RatesDataMissingField.json */; };
		DC0D98442871FCC300DD3B3E /* Translator.swift in Sources */ = {isa = PBXBuildFile; fileRef = DC0D98432871FCC300DD3B3E /* Translator.swift */; };
		DC0D98462872F55700DD3B3E /* TranslatorViewController.swift in Sources */ = {isa = PBXBuildFile; fileRef = DC0D98452872F55700DD3B3E /* TranslatorViewController.swift */; };
		DC0D98482873FEAA00DD3B3E /* Weather.swift in Sources */ = {isa = PBXBuildFile; fileRef = DC0D98472873FEAA00DD3B3E /* Weather.swift */; };
		DC0D984A2874F8E400DD3B3E /* WeatherViewController.swift in Sources */ = {isa = PBXBuildFile; fileRef = DC0D98492874F8E400DD3B3E /* WeatherViewController.swift */; };
		DC18B6572860F61600C90E88 /* AppDelegate.swift in Sources */ = {isa = PBXBuildFile; fileRef = DC18B6562860F61600C90E88 /* AppDelegate.swift */; };
		DC18B6592860F61600C90E88 /* SceneDelegate.swift in Sources */ = {isa = PBXBuildFile; fileRef = DC18B6582860F61600C90E88 /* SceneDelegate.swift */; };
		DC18B65E2860F61600C90E88 /* Main.storyboard in Resources */ = {isa = PBXBuildFile; fileRef = DC18B65C2860F61600C90E88 /* Main.storyboard */; };
		DC18B6602860F61A00C90E88 /* Assets.xcassets in Resources */ = {isa = PBXBuildFile; fileRef = DC18B65F2860F61A00C90E88 /* Assets.xcassets */; };
		DC18B6632860F61A00C90E88 /* LaunchScreen.storyboard in Resources */ = {isa = PBXBuildFile; fileRef = DC18B6612860F61A00C90E88 /* LaunchScreen.storyboard */; };
		DC18B68B28610FC900C90E88 /* Converter.swift in Sources */ = {isa = PBXBuildFile; fileRef = DC18B68A28610FC900C90E88 /* Converter.swift */; };
		DC18B68F28618FD100C90E88 /* ConverterViewController.swift in Sources */ = {isa = PBXBuildFile; fileRef = DC18B68E28618FD100C90E88 /* ConverterViewController.swift */; };
		DCAA4137287B1023009E962E /* ControllerHelper.swift in Sources */ = {isa = PBXBuildFile; fileRef = DCAA4136287B1023009E962E /* ControllerHelper.swift */; };
		DCAA4139287B828F009E962E /* RatesDataNoSuccess.json in Resources */ = {isa = PBXBuildFile; fileRef = DCAA4138287B828F009E962E /* RatesDataNoSuccess.json */; };
		DCAA413B287C2414009E962E /* TestsHelper.swift in Sources */ = {isa = PBXBuildFile; fileRef = DCAA413A287C2414009E962E /* TestsHelper.swift */; };
		DCAA413D287C58ED009E962E /* TranslationDataOK.json in Resources */ = {isa = PBXBuildFile; fileRef = DCAA413C287C58ED009E962E /* TranslationDataOK.json */; };
		DCAA4141287C5B51009E962E /* TranslatorTestCase.swift in Sources */ = {isa = PBXBuildFile; fileRef = DCAA4140287C5B51009E962E /* TranslatorTestCase.swift */; };
		DCAA4143287C63BB009E962E /* TranslationDataMissingField.json in Resources */ = {isa = PBXBuildFile; fileRef = DCAA4142287C63BB009E962E /* TranslationDataMissingField.json */; };
		DCAA4145287C6B77009E962E /* WeatherDataOK.json in Resources */ = {isa = PBXBuildFile; fileRef = DCAA4144287C6B77009E962E /* WeatherDataOK.json */; };
		DCAA4147287C6BA3009E962E /* WeatherDataMissingMainField.json in Resources */ = {isa = PBXBuildFile; fileRef = DCAA4146287C6BA3009E962E /* WeatherDataMissingMainField.json */; };
		DCAA4149287C6BC8009E962E /* WeatherTestCase.swift in Sources */ = {isa = PBXBuildFile; fileRef = DCAA4148287C6BC8009E962E /* WeatherTestCase.swift */; };
		DCEAE0E62881AEED00BE7C0F /* Config.swift in Sources */ = {isa = PBXBuildFile; fileRef = DCEAE0E52881AEED00BE7C0F /* Config.swift */; };
/* End PBXBuildFile section */

/* Begin PBXContainerItemProxy section */
		DC18B66A2860F61B00C90E88 /* PBXContainerItemProxy */ = {
			isa = PBXContainerItemProxy;
			containerPortal = DC18B64B2860F61600C90E88 /* Project object */;
			proxyType = 1;
			remoteGlobalIDString = DC18B6522860F61600C90E88;
			remoteInfo = P09_Desruelles_Rodolphe_L1_projet_xcode_062022;
		};
/* End PBXContainerItemProxy section */

/* Begin PBXFileReference section */
		DC0D9831286C97D400DD3B3E /* RatesDataOK.json */ = {isa = PBXFileReference; lastKnownFileType = text.json; path = RatesDataOK.json; sourceTree = "<group>"; };
		DC0D9835286C9A7400DD3B3E /* FakeResponseData.swift */ = {isa = PBXFileReference; lastKnownFileType = sourcecode.swift; path = FakeResponseData.swift; sourceTree = "<group>"; };
		DC0D983B286F992800DD3B3E /* APIRequestLoader.swift */ = {isa = PBXFileReference; lastKnownFileType = sourcecode.swift; path = APIRequestLoader.swift; sourceTree = "<group>"; };
		DC0D983D286F9AD200DD3B3E /* MockURLProtocol.swift */ = {isa = PBXFileReference; lastKnownFileType = sourcecode.swift; path = MockURLProtocol.swift; sourceTree = "<group>"; };
		DC0D983F2871622800DD3B3E /* ConverterTestCase.swift */ = {isa = PBXFileReference; lastKnownFileType = sourcecode.swift; path = ConverterTestCase.swift; sourceTree = "<group>"; };
		DC0D98412871BAA800DD3B3E /* RatesDataMissingField.json */ = {isa = PBXFileReference; fileEncoding = 4; lastKnownFileType = text.json; path = RatesDataMissingField.json; sourceTree = "<group>"; };
		DC0D98432871FCC300DD3B3E /* Translator.swift */ = {isa = PBXFileReference; lastKnownFileType = sourcecode.swift; path = Translator.swift; sourceTree = "<group>"; };
		DC0D98452872F55700DD3B3E /* TranslatorViewController.swift */ = {isa = PBXFileReference; lastKnownFileType = sourcecode.swift; path = TranslatorViewController.swift; sourceTree = "<group>"; };
		DC0D98472873FEAA00DD3B3E /* Weather.swift */ = {isa = PBXFileReference; fileEncoding = 4; lastKnownFileType = sourcecode.swift; path = Weather.swift; sourceTree = "<group>"; };
		DC0D98492874F8E400DD3B3E /* WeatherViewController.swift */ = {isa = PBXFileReference; lastKnownFileType = sourcecode.swift; path = WeatherViewController.swift; sourceTree = "<group>"; };
		DC1286092881C3160076AD6B /* README.md */ = {isa = PBXFileReference; lastKnownFileType = net.daringfireball.markdown; path = README.md; sourceTree = "<group>"; };
		DC18B6532860F61600C90E88 /* LeBaluchon.app */ = {isa = PBXFileReference; explicitFileType = wrapper.application; includeInIndex = 0; path = LeBaluchon.app; sourceTree = BUILT_PRODUCTS_DIR; };
		DC18B6562860F61600C90E88 /* AppDelegate.swift */ = {isa = PBXFileReference; lastKnownFileType = sourcecode.swift; path = AppDelegate.swift; sourceTree = "<group>"; };
		DC18B6582860F61600C90E88 /* SceneDelegate.swift */ = {isa = PBXFileReference; lastKnownFileType = sourcecode.swift; path = SceneDelegate.swift; sourceTree = "<group>"; };
		DC18B65D2860F61600C90E88 /* Base */ = {isa = PBXFileReference; lastKnownFileType = file.storyboard; name = Base; path = Base.lproj/Main.storyboard; sourceTree = "<group>"; };
		DC18B65F2860F61A00C90E88 /* Assets.xcassets */ = {isa = PBXFileReference; lastKnownFileType = folder.assetcatalog; path = Assets.xcassets; sourceTree = "<group>"; };
		DC18B6622860F61A00C90E88 /* Base */ = {isa = PBXFileReference; lastKnownFileType = file.storyboard; name = Base; path = Base.lproj/LaunchScreen.storyboard; sourceTree = "<group>"; };
		DC18B6642860F61A00C90E88 /* Info.plist */ = {isa = PBXFileReference; lastKnownFileType = text.plist.xml; name = Info.plist; path = "LeBaluchon/Supporting Files/Info.plist"; sourceTree = SOURCE_ROOT; };
		DC18B6692860F61B00C90E88 /* LeBaluchonTests.xctest */ = {isa = PBXFileReference; explicitFileType = wrapper.cfbundle; includeInIndex = 0; path = LeBaluchonTests.xctest; sourceTree = BUILT_PRODUCTS_DIR; };
		DC18B68A28610FC900C90E88 /* Converter.swift */ = {isa = PBXFileReference; lastKnownFileType = sourcecode.swift; path = Converter.swift; sourceTree = "<group>"; };
		DC18B68E28618FD100C90E88 /* ConverterViewController.swift */ = {isa = PBXFileReference; lastKnownFileType = sourcecode.swift; path = ConverterViewController.swift; sourceTree = "<group>"; };
		DC2FD5E2286AD93400143ECA /* Secret.xcconfig */ = {isa = PBXFileReference; lastKnownFileType = text.xcconfig; name = Secret.xcconfig; path = "LeBaluchon/Supporting Files/Secret.xcconfig"; sourceTree = SOURCE_ROOT; };
		DC64F7D0287F8A8700A22BB1 /* Secret_template.xcconfig */ = {isa = PBXFileReference; lastKnownFileType = text.xcconfig; path = Secret_template.xcconfig; sourceTree = "<group>"; };
		DCAA4136287B1023009E962E /* ControllerHelper.swift */ = {isa = PBXFileReference; lastKnownFileType = sourcecode.swift; path = ControllerHelper.swift; sourceTree = "<group>"; };
		DCAA4138287B828F009E962E /* RatesDataNoSuccess.json */ = {isa = PBXFileReference; fileEncoding = 4; lastKnownFileType = text.json; path = RatesDataNoSuccess.json; sourceTree = "<group>"; };
		DCAA413A287C2414009E962E /* TestsHelper.swift */ = {isa = PBXFileReference; lastKnownFileType = sourcecode.swift; path = TestsHelper.swift; sourceTree = "<group>"; };
		DCAA413C287C58ED009E962E /* TranslationDataOK.json */ = {isa = PBXFileReference; fileEncoding = 4; lastKnownFileType = text.json; path = TranslationDataOK.json; sourceTree = "<group>"; };
		DCAA4140287C5B51009E962E /* TranslatorTestCase.swift */ = {isa = PBXFileReference; fileEncoding = 4; lastKnownFileType = sourcecode.swift; path = TranslatorTestCase.swift; sourceTree = "<group>"; };
		DCAA4142287C63BB009E962E /* TranslationDataMissingField.json */ = {isa = PBXFileReference; fileEncoding = 4; lastKnownFileType = text.json; path = TranslationDataMissingField.json; sourceTree = "<group>"; };
		DCAA4144287C6B77009E962E /* WeatherDataOK.json */ = {isa = PBXFileReference; fileEncoding = 4; lastKnownFileType = text.json; path = WeatherDataOK.json; sourceTree = "<group>"; };
		DCAA4146287C6BA3009E962E /* WeatherDataMissingMainField.json */ = {isa = PBXFileReference; fileEncoding = 4; lastKnownFileType = text.json; path = WeatherDataMissingMainField.json; sourceTree = "<group>"; };
		DCAA4148287C6BC8009E962E /* WeatherTestCase.swift */ = {isa = PBXFileReference; fileEncoding = 4; lastKnownFileType = sourcecode.swift; path = WeatherTestCase.swift; sourceTree = "<group>"; };
		DCEAE0E52881AEED00BE7C0F /* Config.swift */ = {isa = PBXFileReference; lastKnownFileType = sourcecode.swift; path = Config.swift; sourceTree = "<group>"; };
/* End PBXFileReference section */

/* Begin PBXFrameworksBuildPhase section */
		DC18B6502860F61600C90E88 /* Frameworks */ = {
			isa = PBXFrameworksBuildPhase;
			buildActionMask = 2147483647;
			files = (
			);
			runOnlyForDeploymentPostprocessing = 0;
		};
		DC18B6662860F61B00C90E88 /* Frameworks */ = {
			isa = PBXFrameworksBuildPhase;
			buildActionMask = 2147483647;
			files = (
			);
			runOnlyForDeploymentPostprocessing = 0;
		};
/* End PBXFrameworksBuildPhase section */

/* Begin PBXGroup section */
		DC18B64A2860F61600C90E88 = {
			isa = PBXGroup;
			children = (
				DC1286092881C3160076AD6B /* README.md */,
				DC18B6552860F61600C90E88 /* LeBaluchon */,
				DC18B66C2860F61B00C90E88 /* LeBaluchonTests */,
				DC18B6542860F61600C90E88 /* Products */,
			);
			sourceTree = "<group>";
		};
		DC18B6542860F61600C90E88 /* Products */ = {
			isa = PBXGroup;
			children = (
				DC18B6532860F61600C90E88 /* LeBaluchon.app */,
				DC18B6692860F61B00C90E88 /* LeBaluchonTests.xctest */,
			);
			name = Products;
			sourceTree = "<group>";
		};
		DC18B6552860F61600C90E88 /* LeBaluchon */ = {
			isa = PBXGroup;
			children = (
				DC18B6892860F91500C90E88 /* Supporting Files */,
				DC18B6882860F8F800C90E88 /* Model */,
				DC18B6872860F8BE00C90E88 /* Controller */,
				DC18B6862860F87E00C90E88 /* View */,
			);
			path = LeBaluchon;
			sourceTree = "<group>";
		};
		DC18B66C2860F61B00C90E88 /* LeBaluchonTests */ = {
			isa = PBXGroup;
			children = (
				DC0D9835286C9A7400DD3B3E /* FakeResponseData.swift */,
				DC0D983D286F9AD200DD3B3E /* MockURLProtocol.swift */,
				DCAA413A287C2414009E962E /* TestsHelper.swift */,
				DC0D9831286C97D400DD3B3E /* RatesDataOK.json */,
				DCAA4138287B828F009E962E /* RatesDataNoSuccess.json */,
				DC0D98412871BAA800DD3B3E /* RatesDataMissingField.json */,
				DC0D983F2871622800DD3B3E /* ConverterTestCase.swift */,
				DCAA413C287C58ED009E962E /* TranslationDataOK.json */,
				DCAA4142287C63BB009E962E /* TranslationDataMissingField.json */,
				DCAA4140287C5B51009E962E /* TranslatorTestCase.swift */,
				DCAA4144287C6B77009E962E /* WeatherDataOK.json */,
				DCAA4146287C6BA3009E962E /* WeatherDataMissingMainField.json */,
				DCAA4148287C6BC8009E962E /* WeatherTestCase.swift */,
			);
			path = LeBaluchonTests;
			sourceTree = SOURCE_ROOT;
		};
		DC18B6862860F87E00C90E88 /* View */ = {
			isa = PBXGroup;
			children = (
				DC18B65C2860F61600C90E88 /* Main.storyboard */,
			);
			path = View;
			sourceTree = "<group>";
		};
		DC18B6872860F8BE00C90E88 /* Controller */ = {
			isa = PBXGroup;
			children = (
				DCAA4136287B1023009E962E /* ControllerHelper.swift */,
				DC18B68E28618FD100C90E88 /* ConverterViewController.swift */,
				DC0D98452872F55700DD3B3E /* TranslatorViewController.swift */,
				DC0D98492874F8E400DD3B3E /* WeatherViewController.swift */,
			);
			path = Controller;
			sourceTree = "<group>";
		};
		DC18B6882860F8F800C90E88 /* Model */ = {
			isa = PBXGroup;
			children = (
				DCEAE0E52881AEED00BE7C0F /* Config.swift */,
				DC0D983B286F992800DD3B3E /* APIRequestLoader.swift */,
				DC18B68A28610FC900C90E88 /* Converter.swift */,
				DC0D98432871FCC300DD3B3E /* Translator.swift */,
				DC0D98472873FEAA00DD3B3E /* Weather.swift */,
			);
			path = Model;
			sourceTree = "<group>";
		};
		DC18B6892860F91500C90E88 /* Supporting Files */ = {
			isa = PBXGroup;
			children = (
				DC18B6562860F61600C90E88 /* AppDelegate.swift */,
				DC18B6582860F61600C90E88 /* SceneDelegate.swift */,
				DC18B65F2860F61A00C90E88 /* Assets.xcassets */,
				DC18B6612860F61A00C90E88 /* LaunchScreen.storyboard */,
				DC18B6642860F61A00C90E88 /* Info.plist */,
				DC2FD5E2286AD93400143ECA /* Secret.xcconfig */,
				DC64F7D0287F8A8700A22BB1 /* Secret_template.xcconfig */,
			);
			path = "Supporting Files";
			sourceTree = "<group>";
		};
/* End PBXGroup section */

/* Begin PBXNativeTarget section */
		DC18B6522860F61600C90E88 /* LeBaluchon */ = {
			isa = PBXNativeTarget;
			buildConfigurationList = DC18B67D2860F61B00C90E88 /* Build configuration list for PBXNativeTarget "LeBaluchon" */;
			buildPhases = (
				DC18B64F2860F61600C90E88 /* Sources */,
				DC18B6502860F61600C90E88 /* Frameworks */,
				DC18B6512860F61600C90E88 /* Resources */,
			);
			buildRules = (
			);
			dependencies = (
			);
			name = LeBaluchon;
			productName = P09_Desruelles_Rodolphe_L1_projet_xcode_062022;
			productReference = DC18B6532860F61600C90E88 /* LeBaluchon.app */;
			productType = "com.apple.product-type.application";
		};
		DC18B6682860F61B00C90E88 /* LeBaluchonTests */ = {
			isa = PBXNativeTarget;
			buildConfigurationList = DC18B6802860F61B00C90E88 /* Build configuration list for PBXNativeTarget "LeBaluchonTests" */;
			buildPhases = (
				DC18B6652860F61B00C90E88 /* Sources */,
				DC18B6662860F61B00C90E88 /* Frameworks */,
				DC18B6672860F61B00C90E88 /* Resources */,
			);
			buildRules = (
			);
			dependencies = (
				DC18B66B2860F61B00C90E88 /* PBXTargetDependency */,
			);
			name = LeBaluchonTests;
			productName = P09_Desruelles_Rodolphe_L1_projet_xcode_062022Tests;
			productReference = DC18B6692860F61B00C90E88 /* LeBaluchonTests.xctest */;
			productType = "com.apple.product-type.bundle.unit-test";
		};
/* End PBXNativeTarget section */

/* Begin PBXProject section */
		DC18B64B2860F61600C90E88 /* Project object */ = {
			isa = PBXProject;
			attributes = {
				BuildIndependentTargetsInParallel = 1;
				LastSwiftUpdateCheck = 1320;
				LastUpgradeCheck = 1320;
				TargetAttributes = {
					DC18B6522860F61600C90E88 = {
						CreatedOnToolsVersion = 13.2.1;
					};
					DC18B6682860F61B00C90E88 = {
						CreatedOnToolsVersion = 13.2.1;
						TestTargetID = DC18B6522860F61600C90E88;
					};
				};
			};
			buildConfigurationList = DC18B64E2860F61600C90E88 /* Build configuration list for PBXProject "LeBaluchon" */;
			compatibilityVersion = "Xcode 13.0";
			developmentRegion = en;
			hasScannedForEncodings = 0;
			knownRegions = (
				en,
				Base,
			);
			mainGroup = DC18B64A2860F61600C90E88;
			productRefGroup = DC18B6542860F61600C90E88 /* Products */;
			projectDirPath = "";
			projectRoot = "";
			targets = (
				DC18B6522860F61600C90E88 /* LeBaluchon */,
				DC18B6682860F61B00C90E88 /* LeBaluchonTests */,
			);
		};
/* End PBXProject section */

/* Begin PBXResourcesBuildPhase section */
		DC18B6512860F61600C90E88 /* Resources */ = {
			isa = PBXResourcesBuildPhase;
			buildActionMask = 2147483647;
			files = (
				DC18B6632860F61A00C90E88 /* LaunchScreen.storyboard in Resources */,
				DC18B6602860F61A00C90E88 /* Assets.xcassets in Resources */,
				DC18B65E2860F61600C90E88 /* Main.storyboard in Resources */,
			);
			runOnlyForDeploymentPostprocessing = 0;
		};
		DC18B6672860F61B00C90E88 /* Resources */ = {
			isa = PBXResourcesBuildPhase;
			buildActionMask = 2147483647;
			files = (
				DCAA4145287C6B77009E962E /* WeatherDataOK.json in Resources */,
				DC0D9832286C97D400DD3B3E /* RatesDataOK.json in Resources */,
				DCAA413D287C58ED009E962E /* TranslationDataOK.json in Resources */,
				DCAA4143287C63BB009E962E /* TranslationDataMissingField.json in Resources */,
				DC0D98422871BAA800DD3B3E /* RatesDataMissingField.json in Resources */,
				DCAA4139287B828F009E962E /* RatesDataNoSuccess.json in Resources */,
				DCAA4147287C6BA3009E962E /* WeatherDataMissingMainField.json in Resources */,
			);
			runOnlyForDeploymentPostprocessing = 0;
		};
/* End PBXResourcesBuildPhase section */

/* Begin PBXSourcesBuildPhase section */
		DC18B64F2860F61600C90E88 /* Sources */ = {
			isa = PBXSourcesBuildPhase;
			buildActionMask = 2147483647;
			files = (
				DC18B68B28610FC900C90E88 /* Converter.swift in Sources */,
				DC0D984A2874F8E400DD3B3E /* WeatherViewController.swift in Sources */,
				DC18B68F28618FD100C90E88 /* ConverterViewController.swift in Sources */,
				DC0D98462872F55700DD3B3E /* TranslatorViewController.swift in Sources */,
				DCEAE0E62881AEED00BE7C0F /* Config.swift in Sources */,
				DCAA4137287B1023009E962E /* ControllerHelper.swift in Sources */,
				DC18B6572860F61600C90E88 /* AppDelegate.swift in Sources */,
				DC0D98482873FEAA00DD3B3E /* Weather.swift in Sources */,
				DC0D983C286F992800DD3B3E /* APIRequestLoader.swift in Sources */,
				DC18B6592860F61600C90E88 /* SceneDelegate.swift in Sources */,
				DC0D98442871FCC300DD3B3E /* Translator.swift in Sources */,
			);
			runOnlyForDeploymentPostprocessing = 0;
		};
		DC18B6652860F61B00C90E88 /* Sources */ = {
			isa = PBXSourcesBuildPhase;
			buildActionMask = 2147483647;
			files = (
				DC0D98402871622800DD3B3E /* ConverterTestCase.swift in Sources */,
				DCAA413B287C2414009E962E /* TestsHelper.swift in Sources */,
				DCAA4141287C5B51009E962E /* TranslatorTestCase.swift in Sources */,
				DC0D983E286F9AD200DD3B3E /* MockURLProtocol.swift in Sources */,
				DCAA4149287C6BC8009E962E /* WeatherTestCase.swift in Sources */,
				DC0D9836286C9A7400DD3B3E /* FakeResponseData.swift in Sources */,
			);
			runOnlyForDeploymentPostprocessing = 0;
		};
/* End PBXSourcesBuildPhase section */

/* Begin PBXTargetDependency section */
		DC18B66B2860F61B00C90E88 /* PBXTargetDependency */ = {
			isa = PBXTargetDependency;
			target = DC18B6522860F61600C90E88 /* LeBaluchon */;
			targetProxy = DC18B66A2860F61B00C90E88 /* PBXContainerItemProxy */;
		};
/* End PBXTargetDependency section */

/* Begin PBXVariantGroup section */
		DC18B65C2860F61600C90E88 /* Main.storyboard */ = {
			isa = PBXVariantGroup;
			children = (
				DC18B65D2860F61600C90E88 /* Base */,
			);
			name = Main.storyboard;
			sourceTree = "<group>";
		};
		DC18B6612860F61A00C90E88 /* LaunchScreen.storyboard */ = {
			isa = PBXVariantGroup;
			children = (
				DC18B6622860F61A00C90E88 /* Base */,
			);
			name = LaunchScreen.storyboard;
			sourceTree = "<group>";
		};
/* End PBXVariantGroup section */

/* Begin XCBuildConfiguration section */
		DC18B67B2860F61B00C90E88 /* Debug */ = {
			isa = XCBuildConfiguration;
			baseConfigurationReference = DC2FD5E2286AD93400143ECA /* Secret.xcconfig */;
			buildSettings = {
				ALWAYS_SEARCH_USER_PATHS = NO;
				CLANG_ANALYZER_NONNULL = YES;
				CLANG_ANALYZER_NUMBER_OBJECT_CONVERSION = YES_AGGRESSIVE;
				CLANG_CXX_LANGUAGE_STANDARD = "gnu++17";
				CLANG_CXX_LIBRARY = "libc++";
				CLANG_ENABLE_MODULES = YES;
				CLANG_ENABLE_OBJC_ARC = YES;
				CLANG_ENABLE_OBJC_WEAK = YES;
				CLANG_WARN_BLOCK_CAPTURE_AUTORELEASING = YES;
				CLANG_WARN_BOOL_CONVERSION = YES;
				CLANG_WARN_COMMA = YES;
				CLANG_WARN_CONSTANT_CONVERSION = YES;
				CLANG_WARN_DEPRECATED_OBJC_IMPLEMENTATIONS = YES;
				CLANG_WARN_DIRECT_OBJC_ISA_USAGE = YES_ERROR;
				CLANG_WARN_DOCUMENTATION_COMMENTS = YES;
				CLANG_WARN_EMPTY_BODY = YES;
				CLANG_WARN_ENUM_CONVERSION = YES;
				CLANG_WARN_INFINITE_RECURSION = YES;
				CLANG_WARN_INT_CONVERSION = YES;
				CLANG_WARN_NON_LITERAL_NULL_CONVERSION = YES;
				CLANG_WARN_OBJC_IMPLICIT_RETAIN_SELF = YES;
				CLANG_WARN_OBJC_LITERAL_CONVERSION = YES;
				CLANG_WARN_OBJC_ROOT_CLASS = YES_ERROR;
				CLANG_WARN_QUOTED_INCLUDE_IN_FRAMEWORK_HEADER = YES;
				CLANG_WARN_RANGE_LOOP_ANALYSIS = YES;
				CLANG_WARN_STRICT_PROTOTYPES = YES;
				CLANG_WARN_SUSPICIOUS_MOVE = YES;
				CLANG_WARN_UNGUARDED_AVAILABILITY = YES_AGGRESSIVE;
				CLANG_WARN_UNREACHABLE_CODE = YES;
				CLANG_WARN__DUPLICATE_METHOD_MATCH = YES;
				COPY_PHASE_STRIP = NO;
				DEBUG_INFORMATION_FORMAT = dwarf;
				ENABLE_STRICT_OBJC_MSGSEND = YES;
				ENABLE_TESTABILITY = YES;
				GCC_C_LANGUAGE_STANDARD = gnu11;
				GCC_DYNAMIC_NO_PIC = NO;
				GCC_NO_COMMON_BLOCKS = YES;
				GCC_OPTIMIZATION_LEVEL = 0;
				GCC_PREPROCESSOR_DEFINITIONS = (
					"DEBUG=1",
					"$(inherited)",
				);
				GCC_WARN_64_TO_32_BIT_CONVERSION = YES;
				GCC_WARN_ABOUT_RETURN_TYPE = YES_ERROR;
				GCC_WARN_UNDECLARED_SELECTOR = YES;
				GCC_WARN_UNINITIALIZED_AUTOS = YES_AGGRESSIVE;
				GCC_WARN_UNUSED_FUNCTION = YES;
				GCC_WARN_UNUSED_VARIABLE = YES;
				IPHONEOS_DEPLOYMENT_TARGET = 13.6;
				MTL_ENABLE_DEBUG_INFO = INCLUDE_SOURCE;
				MTL_FAST_MATH = YES;
				ONLY_ACTIVE_ARCH = YES;
				SDKROOT = iphoneos;
				SWIFT_ACTIVE_COMPILATION_CONDITIONS = DEBUG;
				SWIFT_OPTIMIZATION_LEVEL = "-Onone";
			};
			name = Debug;
		};
		DC18B67C2860F61B00C90E88 /* Release */ = {
			isa = XCBuildConfiguration;
			baseConfigurationReference = DC2FD5E2286AD93400143ECA /* Secret.xcconfig */;
			buildSettings = {
				ALWAYS_SEARCH_USER_PATHS = NO;
				CLANG_ANALYZER_NONNULL = YES;
				CLANG_ANALYZER_NUMBER_OBJECT_CONVERSION = YES_AGGRESSIVE;
				CLANG_CXX_LANGUAGE_STANDARD = "gnu++17";
				CLANG_CXX_LIBRARY = "libc++";
				CLANG_ENABLE_MODULES = YES;
				CLANG_ENABLE_OBJC_ARC = YES;
				CLANG_ENABLE_OBJC_WEAK = YES;
				CLANG_WARN_BLOCK_CAPTURE_AUTORELEASING = YES;
				CLANG_WARN_BOOL_CONVERSION = YES;
				CLANG_WARN_COMMA = YES;
				CLANG_WARN_CONSTANT_CONVERSION = YES;
				CLANG_WARN_DEPRECATED_OBJC_IMPLEMENTATIONS = YES;
				CLANG_WARN_DIRECT_OBJC_ISA_USAGE = YES_ERROR;
				CLANG_WARN_DOCUMENTATION_COMMENTS = YES;
				CLANG_WARN_EMPTY_BODY = YES;
				CLANG_WARN_ENUM_CONVERSION = YES;
				CLANG_WARN_INFINITE_RECURSION = YES;
				CLANG_WARN_INT_CONVERSION = YES;
				CLANG_WARN_NON_LITERAL_NULL_CONVERSION = YES;
				CLANG_WARN_OBJC_IMPLICIT_RETAIN_SELF = YES;
				CLANG_WARN_OBJC_LITERAL_CONVERSION = YES;
				CLANG_WARN_OBJC_ROOT_CLASS = YES_ERROR;
				CLANG_WARN_QUOTED_INCLUDE_IN_FRAMEWORK_HEADER = YES;
				CLANG_WARN_RANGE_LOOP_ANALYSIS = YES;
				CLANG_WARN_STRICT_PROTOTYPES = YES;
				CLANG_WARN_SUSPICIOUS_MOVE = YES;
				CLANG_WARN_UNGUARDED_AVAILABILITY = YES_AGGRESSIVE;
				CLANG_WARN_UNREACHABLE_CODE = YES;
				CLANG_WARN__DUPLICATE_METHOD_MATCH = YES;
				COPY_PHASE_STRIP = NO;
				DEBUG_INFORMATION_FORMAT = "dwarf-with-dsym";
				ENABLE_NS_ASSERTIONS = NO;
				ENABLE_STRICT_OBJC_MSGSEND = YES;
				GCC_C_LANGUAGE_STANDARD = gnu11;
				GCC_NO_COMMON_BLOCKS = YES;
				GCC_WARN_64_TO_32_BIT_CONVERSION = YES;
				GCC_WARN_ABOUT_RETURN_TYPE = YES_ERROR;
				GCC_WARN_UNDECLARED_SELECTOR = YES;
				GCC_WARN_UNINITIALIZED_AUTOS = YES_AGGRESSIVE;
				GCC_WARN_UNUSED_FUNCTION = YES;
				GCC_WARN_UNUSED_VARIABLE = YES;
				IPHONEOS_DEPLOYMENT_TARGET = 13.6;
				MTL_ENABLE_DEBUG_INFO = NO;
				MTL_FAST_MATH = YES;
				SDKROOT = iphoneos;
				SWIFT_COMPILATION_MODE = wholemodule;
				SWIFT_OPTIMIZATION_LEVEL = "-O";
				VALIDATE_PRODUCT = YES;
			};
			name = Release;
		};
		DC18B67E2860F61B00C90E88 /* Debug */ = {
			isa = XCBuildConfiguration;
			buildSettings = {
				ASSETCATALOG_COMPILER_APPICON_NAME = AppIcon;
				ASSETCATALOG_COMPILER_GLOBAL_ACCENT_COLOR_NAME = AccentColor;
				CODE_SIGN_STYLE = Automatic;
				CURRENT_PROJECT_VERSION = 1;
				GENERATE_INFOPLIST_FILE = YES;
				INFOPLIST_FILE = "LeBaluchon/Supporting Files/Info.plist";
				INFOPLIST_KEY_CFBundleDisplayName = "Le baluchon";
				INFOPLIST_KEY_UIApplicationSupportsIndirectInputEvents = YES;
				INFOPLIST_KEY_UILaunchStoryboardName = LaunchScreen;
				INFOPLIST_KEY_UIMainStoryboardFile = Main;
				INFOPLIST_KEY_UISupportedInterfaceOrientations = UIInterfaceOrientationPortrait;
				INFOPLIST_KEY_UISupportedInterfaceOrientations_iPad = "UIInterfaceOrientationPortrait UIInterfaceOrientationPortraitUpsideDown UIInterfaceOrientationLandscapeLeft UIInterfaceOrientationLandscapeRight";
				INFOPLIST_KEY_UISupportedInterfaceOrientations_iPhone = "UIInterfaceOrientationPortrait UIInterfaceOrientationLandscapeLeft UIInterfaceOrientationLandscapeRight";
				LD_RUNPATH_SEARCH_PATHS = (
					"$(inherited)",
					"@executable_path/Frameworks",
				);
				MARKETING_VERSION = 1.0;
				PRODUCT_BUNDLE_IDENTIFIER = "rodriced.P09-Desruelles-Rodolphe-L1-projet-xcode-062022";
				PRODUCT_NAME = "$(TARGET_NAME)";
				SWIFT_EMIT_LOC_STRINGS = YES;
				SWIFT_VERSION = 5.0;
				TARGETED_DEVICE_FAMILY = 1;
			};
			name = Debug;
		};
		DC18B67F2860F61B00C90E88 /* Release */ = {
			isa = XCBuildConfiguration;
			buildSettings = {
				ASSETCATALOG_COMPILER_APPICON_NAME = AppIcon;
				ASSETCATALOG_COMPILER_GLOBAL_ACCENT_COLOR_NAME = AccentColor;
				CODE_SIGN_STYLE = Automatic;
				CURRENT_PROJECT_VERSION = 1;
				GENERATE_INFOPLIST_FILE = YES;
				INFOPLIST_FILE = "LeBaluchon/Supporting Files/Info.plist";
				INFOPLIST_KEY_CFBundleDisplayName = "Le baluchon";
				INFOPLIST_KEY_UIApplicationSupportsIndirectInputEvents = YES;
				INFOPLIST_KEY_UILaunchStoryboardName = LaunchScreen;
				INFOPLIST_KEY_UIMainStoryboardFile = Main;
				INFOPLIST_KEY_UISupportedInterfaceOrientations = UIInterfaceOrientationPortrait;
				INFOPLIST_KEY_UISupportedInterfaceOrientations_iPad = "UIInterfaceOrientationPortrait UIInterfaceOrientationPortraitUpsideDown UIInterfaceOrientationLandscapeLeft UIInterfaceOrientationLandscapeRight";
				INFOPLIST_KEY_UISupportedInterfaceOrientations_iPhone = "UIInterfaceOrientationPortrait UIInterfaceOrientationLandscapeLeft UIInterfaceOrientationLandscapeRight";
				LD_RUNPATH_SEARCH_PATHS = (
					"$(inherited)",
					"@executable_path/Frameworks",
				);
				MARKETING_VERSION = 1.0;
				PRODUCT_BUNDLE_IDENTIFIER = "rodriced.P09-Desruelles-Rodolphe-L1-projet-xcode-062022";
				PRODUCT_NAME = "$(TARGET_NAME)";
				SWIFT_EMIT_LOC_STRINGS = YES;
				SWIFT_VERSION = 5.0;
				TARGETED_DEVICE_FAMILY = 1;
			};
			name = Release;
		};
		DC18B6812860F61B00C90E88 /* Debug */ = {
			isa = XCBuildConfiguration;
			buildSettings = {
				ALWAYS_EMBED_SWIFT_STANDARD_LIBRARIES = YES;
				BUNDLE_LOADER = "$(TEST_HOST)";
				CODE_SIGN_STYLE = Automatic;
				CURRENT_PROJECT_VERSION = 1;
				GENERATE_INFOPLIST_FILE = YES;
				IPHONEOS_DEPLOYMENT_TARGET = 15.2;
				MARKETING_VERSION = 1.0;
				PRODUCT_BUNDLE_IDENTIFIER = "rodriced.P09-Desruelles-Rodolphe-L1-projet-xcode-062022Tests";
				PRODUCT_NAME = "$(TARGET_NAME)";
				SWIFT_EMIT_LOC_STRINGS = NO;
				SWIFT_VERSION = 5.0;
				TARGETED_DEVICE_FAMILY = "1,2";
				TEST_HOST = "$(BUILT_PRODUCTS_DIR)/LeBaluchon.app/LeBaluchon";
			};
			name = Debug;
		};
		DC18B6822860F61B00C90E88 /* Release */ = {
			isa = XCBuildConfiguration;
			buildSettings = {
				ALWAYS_EMBED_SWIFT_STANDARD_LIBRARIES = YES;
				BUNDLE_LOADER = "$(TEST_HOST)";
				CODE_SIGN_STYLE = Automatic;
				CURRENT_PROJECT_VERSION = 1;
				GENERATE_INFOPLIST_FILE = YES;
				IPHONEOS_DEPLOYMENT_TARGET = 15.2;
				MARKETING_VERSION = 1.0;
				PRODUCT_BUNDLE_IDENTIFIER = "rodriced.P09-Desruelles-Rodolphe-L1-projet-xcode-062022Tests";
				PRODUCT_NAME = "$(TARGET_NAME)";
				SWIFT_EMIT_LOC_STRINGS = NO;
				SWIFT_VERSION = 5.0;
				TARGETED_DEVICE_FAMILY = "1,2";
				TEST_HOST = "$(BUILT_PRODUCTS_DIR)/LeBaluchon.app/LeBaluchon";
			};
			name = Release;
		};
/* End XCBuildConfiguration section */

/* Begin XCConfigurationList section */
		DC18B64E2860F61600C90E88 /* Build configuration list for PBXProject "LeBaluchon" */ = {
			isa = XCConfigurationList;
			buildConfigurations = (
				DC18B67B2860F61B00C90E88 /* Debug */,
				DC18B67C2860F61B00C90E88 /* Release */,
			);
			defaultConfigurationIsVisible = 0;
			defaultConfigurationName = Release;
		};
		DC18B67D2860F61B00C90E88 /* Build configuration list for PBXNativeTarget "LeBaluchon" */ = {
			isa = XCConfigurationList;
			buildConfigurations = (
				DC18B67E2860F61B00C90E88 /* Debug */,
				DC18B67F2860F61B00C90E88 /* Release */,
			);
			defaultConfigurationIsVisible = 0;
			defaultConfigurationName = Release;
		};
		DC18B6802860F61B00C90E88 /* Build configuration list for PBXNativeTarget "LeBaluchonTests" */ = {
			isa = XCConfigurationList;
			buildConfigurations = (
				DC18B6812860F61B00C90E88 /* Debug */,
				DC18B6822860F61B00C90E88 /* Release */,
			);
			defaultConfigurationIsVisible = 0;
			defaultConfigurationName = Release;
		};
/* End XCConfigurationList section */
	};
	rootObject = DC18B64B2860F61600C90E88 /* Project object */;
}
